
Microsoft Visual Studio Solution File, Format Version 12.00
# Visual Studio Version 16
VisualStudioVersion = 16.0.28822.285
MinimumVisualStudioVersion = 10.0.40219.1
Project("{FAE04EC0-301F-11D3-BF4B-00C04F79EFBC}") = "ArdourDigital.TelligentCommunity.MinutesToRead", "ArdourDigital.TelligentCommunity.MinutesToRead\ArdourDigital.TelligentCommunity.MinutesToRead.csproj", "{8D89F6F8-1620-4B13-A0C3-A31CBFE8322D}"
EndProject
Global
	GlobalSection(SolutionConfigurationPlatforms) = preSolution
		Debug|Any CPU = Debug|Any CPU
		Release|Any CPU = Release|Any CPU
	EndGlobalSection
	GlobalSection(ProjectConfigurationPlatforms) = postSolution
		{8D89F6F8-1620-4B13-A0C3-A31CBFE8322D}.Debug|Any CPU.ActiveCfg = Debug|Any CPU
		{8D89F6F8-1620-4B13-A0C3-A31CBFE8322D}.Debug|Any CPU.Build.0 = Debug|Any CPU
		{8D89F6F8-1620-4B13-A0C3-A31CBFE8322D}.Release|Any CPU.ActiveCfg = Release|Any CPU
		{8D89F6F8-1620-4B13-A0C3-A31CBFE8322D}.Release|Any CPU.Build.0 = Release|Any CPU
	EndGlobalSection
	GlobalSection(SolutionProperties) = preSolution
		HideSolutionNode = FALSE
	EndGlobalSection
	GlobalSection(ExtensibilityGlobals) = postSolution
		SolutionGuid = {6804D746-A87D-4744-8A9B-37DB4503C35F}
	EndGlobalSection
EndGlobal
